
Microsoft Visual Studio Solution File, Format Version 12.00
# Visual Studio Version 16
VisualStudioVersion = 16.0.33214.272
MinimumVisualStudioVersion = 10.0.40219.1
Project("{8BC9CEB8-8B4A-11D0-8D11-00A0C91BC942}") = "ModernC++", "ModernC++\ModernC++.vcxproj", "{3382A13A-D463-4945-A77C-851D82A91F8D}"
EndProject
Project("{8BC9CEB8-8B4A-11D0-8D11-00A0C91BC942}") = "FirstProgram", "FirstProgram\FirstProgram.vcxproj", "{8395FD87-7652-4324-A703-5C8660AAA4C2}"
EndProject
Project("{8BC9CEB8-8B4A-11D0-8D11-00A0C91BC942}") = "BasicIO", "BasicIO\BasicIO.vcxproj", "{3BF66917-3B1F-4E13-A724-F1A4F3CAB5AE}"
EndProject
Project("{8BC9CEB8-8B4A-11D0-8D11-00A0C91BC942}") = "FunctionOverloading", "FunctionOverloading\FunctionOverloading.vcxproj", "{31A1DCBF-19DE-4675-B0B7-8B6002C3FB23}"
EndProject
Project("{8BC9CEB8-8B4A-11D0-8D11-00A0C91BC942}") = "FunctionPointer", "FunctionPointer\FunctionPointer.vcxproj", "{FEA6A54F-8356-4A41-86BF-A680569FC896}"
EndProject
Project("{8BC9CEB8-8B4A-11D0-8D11-00A0C91BC942}") = "DynamicMemory", "DynamicMemory\DynamicMemory.vcxproj", "{374FE81F-5EF1-485F-A1CA-98C2E4412D34}"
EndProject
Project("{8BC9CEB8-8B4A-11D0-8D11-00A0C91BC942}") = "ClassObjects", "ClassObjects\ClassObjects.vcxproj", "{9D4F5B9E-3ED6-4EE4-9174-D6A568BCE7BE}"
EndProject
Project("{8BC9CEB8-8B4A-11D0-8D11-00A0C91BC942}") = "MoveSemantics", "MoveSemantics\MoveSemantics.vcxproj", "{23909586-2D17-4F3A-AA24-70067FB6131C}"
EndProject
Project("{8BC9CEB8-8B4A-11D0-8D11-00A0C91BC942}") = "OperatorOverloading", "OperatorOverloading\OperatorOverloading.vcxproj", "{1AA6B959-0C0B-42C1-B3EF-D10C13AE6026}"
EndProject
Project("{8BC9CEB8-8B4A-11D0-8D11-00A0C91BC942}") = "TypeConversion", "TypeConversion\TypeConversion.vcxproj", "{D43D65D1-05C0-4334-9525-A7A2EAB1C596}"
EndProject
Project("{8BC9CEB8-8B4A-11D0-8D11-00A0C91BC942}") = "Memory", "Memory\Memory.vcxproj", "{4DDDD27B-3348-4FC6-8993-69C3F584DEF8}"
EndProject
Project("{8BC9CEB8-8B4A-11D0-8D11-00A0C91BC942}") = "Others", "Others\Others.vcxproj", "{EC4C6ACF-C1B7-45F1-AD40-FF71D0E563CC}"
EndProject
Project("{8BC9CEB8-8B4A-11D0-8D11-00A0C91BC942}") = "OOP", "OOP\OOP.vcxproj", "{B74D7A37-F387-4F8F-A7CF-E8A9450FCC3F}"
EndProject
Project("{8BC9CEB8-8B4A-11D0-8D11-00A0C91BC942}") = "ExceptionHandling", "ExceptionHandling\ExceptionHandling.vcxproj", "{67312058-8D41-43C5-923B-F199116C1F2C}"
EndProject
Project("{8BC9CEB8-8B4A-11D0-8D11-00A0C91BC942}") = "FileInputOutput", "FileInputOutput\FileInputOutput.vcxproj", "{6B0E6AFB-AEFB-44B8-B95B-2EA61DE1A95C}"
EndProject
Project("{8BC9CEB8-8B4A-11D0-8D11-00A0C91BC942}") = "Templates", "Templates\Templates.vcxproj", "{7D453899-2D6B-461F-9AE5-940FE1AA0D02}"
EndProject
Project("{8BC9CEB8-8B4A-11D0-8D11-00A0C91BC942}") = "Lambda", "Lambda\Lambda.vcxproj", "{C0850CFD-B58F-4837-A385-627340252757}"
EndProject
Project("{8BC9CEB8-8B4A-11D0-8D11-00A0C91BC942}") = "StandardTemplateLibrary", "StandardTemplateLibrary\StandardTemplateLibrary.vcxproj", "{D6E7725C-8A2F-4791-8B8B-685E567526CB}"
EndProject
Project("{8BC9CEB8-8B4A-11D0-8D11-00A0C91BC942}") = "Concurrency", "Cocurrenty\Cocurrenty.vcxproj", "{F615F08C-0F65-4F4D-A377-A58C2CB767B7}"
EndProject
Project("{8BC9CEB8-8B4A-11D0-8D11-00A0C91BC942}") = "C++17", "C++17\C++17.vcxproj", "{41176C6F-7EE6-40D2-B4AA-B28607D67D51}"
EndProject
Global
	GlobalSection(SolutionConfigurationPlatforms) = preSolution
		Debug|x64 = Debug|x64
		Debug|x86 = Debug|x86
		Release|x64 = Release|x64
		Release|x86 = Release|x86
	EndGlobalSection
	GlobalSection(ProjectConfigurationPlatforms) = postSolution
		{3382A13A-D463-4945-A77C-851D82A91F8D}.Debug|x64.ActiveCfg = Debug|x64
		{3382A13A-D463-4945-A77C-851D82A91F8D}.Debug|x64.Build.0 = Debug|x64
		{3382A13A-D463-4945-A77C-851D82A91F8D}.Debug|x86.ActiveCfg = Debug|Win32
		{3382A13A-D463-4945-A77C-851D82A91F8D}.Debug|x86.Build.0 = Debug|Win32
		{3382A13A-D463-4945-A77C-851D82A91F8D}.Release|x64.ActiveCfg = Release|x64
		{3382A13A-D463-4945-A77C-851D82A91F8D}.Release|x64.Build.0 = Release|x64
		{3382A13A-D463-4945-A77C-851D82A91F8D}.Release|x86.ActiveCfg = Release|Win32
		{3382A13A-D463-4945-A77C-851D82A91F8D}.Release|x86.Build.0 = Release|Win32
		{8395FD87-7652-4324-A703-5C8660AAA4C2}.Debug|x64.ActiveCfg = Debug|x64
		{8395FD87-7652-4324-A703-5C8660AAA4C2}.Debug|x64.Build.0 = Debug|x64
		{8395FD87-7652-4324-A703-5C8660AAA4C2}.Debug|x86.ActiveCfg = Debug|Win32
		{8395FD87-7652-4324-A703-5C8660AAA4C2}.Debug|x86.Build.0 = Debug|Win32
		{8395FD87-7652-4324-A703-5C8660AAA4C2}.Release|x64.ActiveCfg = Release|x64
		{8395FD87-7652-4324-A703-5C8660AAA4C2}.Release|x64.Build.0 = Release|x64
		{8395FD87-7652-4324-A703-5C8660AAA4C2}.Release|x86.ActiveCfg = Release|Win32
		{8395FD87-7652-4324-A703-5C8660AAA4C2}.Release|x86.Build.0 = Release|Win32
		{3BF66917-3B1F-4E13-A724-F1A4F3CAB5AE}.Debug|x64.ActiveCfg = Debug|x64
		{3BF66917-3B1F-4E13-A724-F1A4F3CAB5AE}.Debug|x64.Build.0 = Debug|x64
		{3BF66917-3B1F-4E13-A724-F1A4F3CAB5AE}.Debug|x86.ActiveCfg = Debug|Win32
		{3BF66917-3B1F-4E13-A724-F1A4F3CAB5AE}.Debug|x86.Build.0 = Debug|Win32
		{3BF66917-3B1F-4E13-A724-F1A4F3CAB5AE}.Release|x64.ActiveCfg = Release|x64
		{3BF66917-3B1F-4E13-A724-F1A4F3CAB5AE}.Release|x64.Build.0 = Release|x64
		{3BF66917-3B1F-4E13-A724-F1A4F3CAB5AE}.Release|x86.ActiveCfg = Release|Win32
		{3BF66917-3B1F-4E13-A724-F1A4F3CAB5AE}.Release|x86.Build.0 = Release|Win32
		{31A1DCBF-19DE-4675-B0B7-8B6002C3FB23}.Debug|x64.ActiveCfg = Debug|x64
		{31A1DCBF-19DE-4675-B0B7-8B6002C3FB23}.Debug|x64.Build.0 = Debug|x64
		{31A1DCBF-19DE-4675-B0B7-8B6002C3FB23}.Debug|x86.ActiveCfg = Debug|Win32
		{31A1DCBF-19DE-4675-B0B7-8B6002C3FB23}.Debug|x86.Build.0 = Debug|Win32
		{31A1DCBF-19DE-4675-B0B7-8B6002C3FB23}.Release|x64.ActiveCfg = Release|x64
		{31A1DCBF-19DE-4675-B0B7-8B6002C3FB23}.Release|x64.Build.0 = Release|x64
		{31A1DCBF-19DE-4675-B0B7-8B6002C3FB23}.Release|x86.ActiveCfg = Release|Win32
		{31A1DCBF-19DE-4675-B0B7-8B6002C3FB23}.Release|x86.Build.0 = Release|Win32
		{FEA6A54F-8356-4A41-86BF-A680569FC896}.Debug|x64.ActiveCfg = Debug|x64
		{FEA6A54F-8356-4A41-86BF-A680569FC896}.Debug|x64.Build.0 = Debug|x64
		{FEA6A54F-8356-4A41-86BF-A680569FC896}.Debug|x86.ActiveCfg = Debug|Win32
		{FEA6A54F-8356-4A41-86BF-A680569FC896}.Debug|x86.Build.0 = Debug|Win32
		{FEA6A54F-8356-4A41-86BF-A680569FC896}.Release|x64.ActiveCfg = Release|x64
		{FEA6A54F-8356-4A41-86BF-A680569FC896}.Release|x64.Build.0 = Release|x64
		{FEA6A54F-8356-4A41-86BF-A680569FC896}.Release|x86.ActiveCfg = Release|Win32
		{FEA6A54F-8356-4A41-86BF-A680569FC896}.Release|x86.Build.0 = Release|Win32
		{374FE81F-5EF1-485F-A1CA-98C2E4412D34}.Debug|x64.ActiveCfg = Debug|x64
		{374FE81F-5EF1-485F-A1CA-98C2E4412D34}.Debug|x64.Build.0 = Debug|x64
		{374FE81F-5EF1-485F-A1CA-98C2E4412D34}.Debug|x86.ActiveCfg = Debug|Win32
		{374FE81F-5EF1-485F-A1CA-98C2E4412D34}.Debug|x86.Build.0 = Debug|Win32
		{374FE81F-5EF1-485F-A1CA-98C2E4412D34}.Release|x64.ActiveCfg = Release|x64
		{374FE81F-5EF1-485F-A1CA-98C2E4412D34}.Release|x64.Build.0 = Release|x64
		{374FE81F-5EF1-485F-A1CA-98C2E4412D34}.Release|x86.ActiveCfg = Release|Win32
		{374FE81F-5EF1-485F-A1CA-98C2E4412D34}.Release|x86.Build.0 = Release|Win32
		{9D4F5B9E-3ED6-4EE4-9174-D6A568BCE7BE}.Debug|x64.ActiveCfg = Debug|x64
		{9D4F5B9E-3ED6-4EE4-9174-D6A568BCE7BE}.Debug|x64.Build.0 = Debug|x64
		{9D4F5B9E-3ED6-4EE4-9174-D6A568BCE7BE}.Debug|x86.ActiveCfg = Debug|Win32
		{9D4F5B9E-3ED6-4EE4-9174-D6A568BCE7BE}.Debug|x86.Build.0 = Debug|Win32
		{9D4F5B9E-3ED6-4EE4-9174-D6A568BCE7BE}.Release|x64.ActiveCfg = Release|x64
		{9D4F5B9E-3ED6-4EE4-9174-D6A568BCE7BE}.Release|x64.Build.0 = Release|x64
		{9D4F5B9E-3ED6-4EE4-9174-D6A568BCE7BE}.Release|x86.ActiveCfg = Release|Win32
		{9D4F5B9E-3ED6-4EE4-9174-D6A568BCE7BE}.Release|x86.Build.0 = Release|Win32
		{23909586-2D17-4F3A-AA24-70067FB6131C}.Debug|x64.ActiveCfg = Debug|x64
		{23909586-2D17-4F3A-AA24-70067FB6131C}.Debug|x64.Build.0 = Debug|x64
		{23909586-2D17-4F3A-AA24-70067FB6131C}.Debug|x86.ActiveCfg = Debug|Win32
		{23909586-2D17-4F3A-AA24-70067FB6131C}.Debug|x86.Build.0 = Debug|Win32
		{23909586-2D17-4F3A-AA24-70067FB6131C}.Release|x64.ActiveCfg = Release|x64
		{23909586-2D17-4F3A-AA24-70067FB6131C}.Release|x64.Build.0 = Release|x64
		{23909586-2D17-4F3A-AA24-70067FB6131C}.Release|x86.ActiveCfg = Release|Win32
		{23909586-2D17-4F3A-AA24-70067FB6131C}.Release|x86.Build.0 = Release|Win32
		{1AA6B959-0C0B-42C1-B3EF-D10C13AE6026}.Debug|x64.ActiveCfg = Debug|x64
		{1AA6B959-0C0B-42C1-B3EF-D10C13AE6026}.Debug|x64.Build.0 = Debug|x64
		{1AA6B959-0C0B-42C1-B3EF-D10C13AE6026}.Debug|x86.ActiveCfg = Debug|Win32
		{1AA6B959-0C0B-42C1-B3EF-D10C13AE6026}.Debug|x86.Build.0 = Debug|Win32
		{1AA6B959-0C0B-42C1-B3EF-D10C13AE6026}.Release|x64.ActiveCfg = Release|x64
		{1AA6B959-0C0B-42C1-B3EF-D10C13AE6026}.Release|x64.Build.0 = Release|x64
		{1AA6B959-0C0B-42C1-B3EF-D10C13AE6026}.Release|x86.ActiveCfg = Release|Win32
		{1AA6B959-0C0B-42C1-B3EF-D10C13AE6026}.Release|x86.Build.0 = Release|Win32
		{D43D65D1-05C0-4334-9525-A7A2EAB1C596}.Debug|x64.ActiveCfg = Debug|x64
		{D43D65D1-05C0-4334-9525-A7A2EAB1C596}.Debug|x64.Build.0 = Debug|x64
		{D43D65D1-05C0-4334-9525-A7A2EAB1C596}.Debug|x86.ActiveCfg = Debug|Win32
		{D43D65D1-05C0-4334-9525-A7A2EAB1C596}.Debug|x86.Build.0 = Debug|Win32
		{D43D65D1-05C0-4334-9525-A7A2EAB1C596}.Release|x64.ActiveCfg = Release|x64
		{D43D65D1-05C0-4334-9525-A7A2EAB1C596}.Release|x64.Build.0 = Release|x64
		{D43D65D1-05C0-4334-9525-A7A2EAB1C596}.Release|x86.ActiveCfg = Release|Win32
		{D43D65D1-05C0-4334-9525-A7A2EAB1C596}.Release|x86.Build.0 = Release|Win32
		{4DDDD27B-3348-4FC6-8993-69C3F584DEF8}.Debug|x64.ActiveCfg = Debug|x64
		{4DDDD27B-3348-4FC6-8993-69C3F584DEF8}.Debug|x64.Build.0 = Debug|x64
		{4DDDD27B-3348-4FC6-8993-69C3F584DEF8}.Debug|x86.ActiveCfg = Debug|Win32
		{4DDDD27B-3348-4FC6-8993-69C3F584DEF8}.Debug|x86.Build.0 = Debug|Win32
		{4DDDD27B-3348-4FC6-8993-69C3F584DEF8}.Release|x64.ActiveCfg = Release|x64
		{4DDDD27B-3348-4FC6-8993-69C3F584DEF8}.Release|x64.Build.0 = Release|x64
		{4DDDD27B-3348-4FC6-8993-69C3F584DEF8}.Release|x86.ActiveCfg = Release|Win32
		{4DDDD27B-3348-4FC6-8993-69C3F584DEF8}.Release|x86.Build.0 = Release|Win32
		{EC4C6ACF-C1B7-45F1-AD40-FF71D0E563CC}.Debug|x64.ActiveCfg = Debug|x64
		{EC4C6ACF-C1B7-45F1-AD40-FF71D0E563CC}.Debug|x64.Build.0 = Debug|x64
		{EC4C6ACF-C1B7-45F1-AD40-FF71D0E563CC}.Debug|x86.ActiveCfg = Debug|Win32
		{EC4C6ACF-C1B7-45F1-AD40-FF71D0E563CC}.Debug|x86.Build.0 = Debug|Win32
		{EC4C6ACF-C1B7-45F1-AD40-FF71D0E563CC}.Release|x64.ActiveCfg = Release|x64
		{EC4C6ACF-C1B7-45F1-AD40-FF71D0E563CC}.Release|x64.Build.0 = Release|x64
		{EC4C6ACF-C1B7-45F1-AD40-FF71D0E563CC}.Release|x86.ActiveCfg = Release|Win32
		{EC4C6ACF-C1B7-45F1-AD40-FF71D0E563CC}.Release|x86.Build.0 = Release|Win32
		{B74D7A37-F387-4F8F-A7CF-E8A9450FCC3F}.Debug|x64.ActiveCfg = Debug|x64
		{B74D7A37-F387-4F8F-A7CF-E8A9450FCC3F}.Debug|x64.Build.0 = Debug|x64
		{B74D7A37-F387-4F8F-A7CF-E8A9450FCC3F}.Debug|x86.ActiveCfg = Debug|Win32
		{B74D7A37-F387-4F8F-A7CF-E8A9450FCC3F}.Debug|x86.Build.0 = Debug|Win32
		{B74D7A37-F387-4F8F-A7CF-E8A9450FCC3F}.Release|x64.ActiveCfg = Release|x64
		{B74D7A37-F387-4F8F-A7CF-E8A9450FCC3F}.Release|x64.Build.0 = Release|x64
		{B74D7A37-F387-4F8F-A7CF-E8A9450FCC3F}.Release|x86.ActiveCfg = Release|Win32
		{B74D7A37-F387-4F8F-A7CF-E8A9450FCC3F}.Release|x86.Build.0 = Release|Win32
		{67312058-8D41-43C5-923B-F199116C1F2C}.Debug|x64.ActiveCfg = Debug|x64
		{67312058-8D41-43C5-923B-F199116C1F2C}.Debug|x64.Build.0 = Debug|x64
		{67312058-8D41-43C5-923B-F199116C1F2C}.Debug|x86.ActiveCfg = Debug|Win32
		{67312058-8D41-43C5-923B-F199116C1F2C}.Debug|x86.Build.0 = Debug|Win32
		{67312058-8D41-43C5-923B-F199116C1F2C}.Release|x64.ActiveCfg = Release|x64
		{67312058-8D41-43C5-923B-F199116C1F2C}.Release|x64.Build.0 = Release|x64
		{67312058-8D41-43C5-923B-F199116C1F2C}.Release|x86.ActiveCfg = Release|Win32
		{67312058-8D41-43C5-923B-F199116C1F2C}.Release|x86.Build.0 = Release|Win32
		{6B0E6AFB-AEFB-44B8-B95B-2EA61DE1A95C}.Debug|x64.ActiveCfg = Debug|x64
		{6B0E6AFB-AEFB-44B8-B95B-2EA61DE1A95C}.Debug|x64.Build.0 = Debug|x64
		{6B0E6AFB-AEFB-44B8-B95B-2EA61DE1A95C}.Debug|x86.ActiveCfg = Debug|Win32
		{6B0E6AFB-AEFB-44B8-B95B-2EA61DE1A95C}.Debug|x86.Build.0 = Debug|Win32
		{6B0E6AFB-AEFB-44B8-B95B-2EA61DE1A95C}.Release|x64.ActiveCfg = Release|x64
		{6B0E6AFB-AEFB-44B8-B95B-2EA61DE1A95C}.Release|x64.Build.0 = Release|x64
		{6B0E6AFB-AEFB-44B8-B95B-2EA61DE1A95C}.Release|x86.ActiveCfg = Release|Win32
		{6B0E6AFB-AEFB-44B8-B95B-2EA61DE1A95C}.Release|x86.Build.0 = Release|Win32
		{7D453899-2D6B-461F-9AE5-940FE1AA0D02}.Debug|x64.ActiveCfg = Debug|x64
		{7D453899-2D6B-461F-9AE5-940FE1AA0D02}.Debug|x64.Build.0 = Debug|x64
		{7D453899-2D6B-461F-9AE5-940FE1AA0D02}.Debug|x86.ActiveCfg = Debug|Win32
		{7D453899-2D6B-461F-9AE5-940FE1AA0D02}.Debug|x86.Build.0 = Debug|Win32
		{7D453899-2D6B-461F-9AE5-940FE1AA0D02}.Release|x64.ActiveCfg = Release|x64
		{7D453899-2D6B-461F-9AE5-940FE1AA0D02}.Release|x64.Build.0 = Release|x64
		{7D453899-2D6B-461F-9AE5-940FE1AA0D02}.Release|x86.ActiveCfg = Release|Win32
		{7D453899-2D6B-461F-9AE5-940FE1AA0D02}.Release|x86.Build.0 = Release|Win32
		{C0850CFD-B58F-4837-A385-627340252757}.Debug|x64.ActiveCfg = Debug|x64
		{C0850CFD-B58F-4837-A385-627340252757}.Debug|x64.Build.0 = Debug|x64
		{C0850CFD-B58F-4837-A385-627340252757}.Debug|x86.ActiveCfg = Debug|Win32
		{C0850CFD-B58F-4837-A385-627340252757}.Debug|x86.Build.0 = Debug|Win32
		{C0850CFD-B58F-4837-A385-627340252757}.Release|x64.ActiveCfg = Release|x64
		{C0850CFD-B58F-4837-A385-627340252757}.Release|x64.Build.0 = Release|x64
		{C0850CFD-B58F-4837-A385-627340252757}.Release|x86.ActiveCfg = Release|Win32
		{C0850CFD-B58F-4837-A385-627340252757}.Release|x86.Build.0 = Release|Win32
		{D6E7725C-8A2F-4791-8B8B-685E567526CB}.Debug|x64.ActiveCfg = Debug|x64
		{D6E7725C-8A2F-4791-8B8B-685E567526CB}.Debug|x64.Build.0 = Debug|x64
		{D6E7725C-8A2F-4791-8B8B-685E567526CB}.Debug|x86.ActiveCfg = Debug|Win32
		{D6E7725C-8A2F-4791-8B8B-685E567526CB}.Debug|x86.Build.0 = Debug|Win32
		{D6E7725C-8A2F-4791-8B8B-685E567526CB}.Release|x64.ActiveCfg = Release|x64
		{D6E7725C-8A2F-4791-8B8B-685E567526CB}.Release|x64.Build.0 = Release|x64
		{D6E7725C-8A2F-4791-8B8B-685E567526CB}.Release|x86.ActiveCfg = Release|Win32
		{D6E7725C-8A2F-4791-8B8B-685E567526CB}.Release|x86.Build.0 = Release|Win32
		{F615F08C-0F65-4F4D-A377-A58C2CB767B7}.Debug|x64.ActiveCfg = Debug|x64
		{F615F08C-0F65-4F4D-A377-A58C2CB767B7}.Debug|x64.Build.0 = Debug|x64
		{F615F08C-0F65-4F4D-A377-A58C2CB767B7}.Debug|x86.ActiveCfg = Debug|Win32
		{F615F08C-0F65-4F4D-A377-A58C2CB767B7}.Debug|x86.Build.0 = Debug|Win32
		{F615F08C-0F65-4F4D-A377-A58C2CB767B7}.Release|x64.ActiveCfg = Release|x64
		{F615F08C-0F65-4F4D-A377-A58C2CB767B7}.Release|x64.Build.0 = Release|x64
		{F615F08C-0F65-4F4D-A377-A58C2CB767B7}.Release|x86.ActiveCfg = Release|Win32
		{F615F08C-0F65-4F4D-A377-A58C2CB767B7}.Release|x86.Build.0 = Release|Win32
		{41176C6F-7EE6-40D2-B4AA-B28607D67D51}.Debug|x64.ActiveCfg = Debug|x64
		{41176C6F-7EE6-40D2-B4AA-B28607D67D51}.Debug|x64.Build.0 = Debug|x64
		{41176C6F-7EE6-40D2-B4AA-B28607D67D51}.Debug|x86.ActiveCfg = Debug|Win32
		{41176C6F-7EE6-40D2-B4AA-B28607D67D51}.Debug|x86.Build.0 = Debug|Win32
		{41176C6F-7EE6-40D2-B4AA-B28607D67D51}.Release|x64.ActiveCfg = Release|x64
		{41176C6F-7EE6-40D2-B4AA-B28607D67D51}.Release|x64.Build.0 = Release|x64
		{41176C6F-7EE6-40D2-B4AA-B28607D67D51}.Release|x86.ActiveCfg = Release|Win32
		{41176C6F-7EE6-40D2-B4AA-B28607D67D51}.Release|x86.Build.0 = Release|Win32
	EndGlobalSection
	GlobalSection(SolutionProperties) = preSolution
		HideSolutionNode = FALSE
	EndGlobalSection
	GlobalSection(ExtensibilityGlobals) = postSolution
		SolutionGuid = {3257B105-7F11-49E1-B0E7-03651DF3BC8B}
	EndGlobalSection
EndGlobal
